
Microsoft Visual Studio Solution File, Format Version 12.00
# Visual Studio Version 17
VisualStudioVersion = 17.10.35027.167
MinimumVisualStudioVersion = 10.0.40219.1
Project("{FAE04EC0-301F-11D3-BF4B-00C04F79EFBC}") = "satışotomasyonu", "satışotomasyonu\satışotomasyonu.csproj", "{56E1B408-E197-4C9E-AB99-0A3BE8C9AE6D}"
EndProject
Global
	GlobalSection(SolutionConfigurationPlatforms) = preSolution
		Debug|Any CPU = Debug|Any CPU
		Debug|x64 = Debug|x64
		Release|Any CPU = Release|Any CPU
		Release|x64 = Release|x64
	EndGlobalSection
	GlobalSection(ProjectConfigurationPlatforms) = postSolution
		{56E1B408-E197-4C9E-AB99-0A3BE8C9AE6D}.Debug|Any CPU.ActiveCfg = Debug|Any CPU
		{56E1B408-E197-4C9E-AB99-0A3BE8C9AE6D}.Debug|Any CPU.Build.0 = Debug|Any CPU
		{56E1B408-E197-4C9E-AB99-0A3BE8C9AE6D}.Debug|x64.ActiveCfg = Debug|Any CPU
		{56E1B408-E197-4C9E-AB99-0A3BE8C9AE6D}.Debug|x64.Build.0 = Debug|Any CPU
		{56E1B408-E197-4C9E-AB99-0A3BE8C9AE6D}.Release|Any CPU.ActiveCfg = Release|Any CPU
		{56E1B408-E197-4C9E-AB99-0A3BE8C9AE6D}.Release|Any CPU.Build.0 = Release|Any CPU
		{56E1B408-E197-4C9E-AB99-0A3BE8C9AE6D}.Release|x64.ActiveCfg = Release|Any CPU
		{56E1B408-E197-4C9E-AB99-0A3BE8C9AE6D}.Release|x64.Build.0 = Release|Any CPU
	EndGlobalSection
	GlobalSection(SolutionProperties) = preSolution
		HideSolutionNode = FALSE
	EndGlobalSection
	GlobalSection(ExtensibilityGlobals) = postSolution
		SolutionGuid = {69B86AAF-77D0-4629-A924-747A3B7B8FD2}
	EndGlobalSection
EndGlobal
